
Microsoft Visual Studio Solution File, Format Version 12.00
# Visual Studio Version 17
VisualStudioVersion = 17.4.33403.182
MinimumVisualStudioVersion = 10.0.40219.1
Project("{9A19103F-16F7-4668-BE54-9A1E7A4F7556}") = "Exception", "Exception\Exception.csproj", "{D2967456-B8C1-40F2-B2E9-AB604B4C011C}"
EndProject
Project("{9A19103F-16F7-4668-BE54-9A1E7A4F7556}") = "Делегаты", "Делегаты\Делегаты.csproj", "{DE55F1DD-9666-4B87-8791-F7A2AA53FB6B}"
EndProject
Project("{FAE04EC0-301F-11D3-BF4B-00C04F79EFBC}") = "Ковариантность", "Ковариантность\Ковариантность.csproj", "{15190787-D971-4601-BFF3-639A65D7A812}"
EndProject
Project("{FAE04EC0-301F-11D3-BF4B-00C04F79EFBC}") = "SR", "SR\SR.csproj", "{D9CCA599-A266-423A-8D46-EBAAB7986921}"
EndProject
Global
	GlobalSection(SolutionConfigurationPlatforms) = preSolution
		Debug|Any CPU = Debug|Any CPU
		Release|Any CPU = Release|Any CPU
	EndGlobalSection
	GlobalSection(ProjectConfigurationPlatforms) = postSolution
		{D2967456-B8C1-40F2-B2E9-AB604B4C011C}.Debug|Any CPU.ActiveCfg = Debug|Any CPU
		{D2967456-B8C1-40F2-B2E9-AB604B4C011C}.Debug|Any CPU.Build.0 = Debug|Any CPU
		{D2967456-B8C1-40F2-B2E9-AB604B4C011C}.Release|Any CPU.ActiveCfg = Release|Any CPU
		{D2967456-B8C1-40F2-B2E9-AB604B4C011C}.Release|Any CPU.Build.0 = Release|Any CPU
		{DE55F1DD-9666-4B87-8791-F7A2AA53FB6B}.Debug|Any CPU.ActiveCfg = Debug|Any CPU
		{DE55F1DD-9666-4B87-8791-F7A2AA53FB6B}.Debug|Any CPU.Build.0 = Debug|Any CPU
		{DE55F1DD-9666-4B87-8791-F7A2AA53FB6B}.Release|Any CPU.ActiveCfg = Release|Any CPU
		{DE55F1DD-9666-4B87-8791-F7A2AA53FB6B}.Release|Any CPU.Build.0 = Release|Any CPU
		{15190787-D971-4601-BFF3-639A65D7A812}.Debug|Any CPU.ActiveCfg = Debug|Any CPU
		{15190787-D971-4601-BFF3-639A65D7A812}.Debug|Any CPU.Build.0 = Debug|Any CPU
		{15190787-D971-4601-BFF3-639A65D7A812}.Release|Any CPU.ActiveCfg = Release|Any CPU
		{15190787-D971-4601-BFF3-639A65D7A812}.Release|Any CPU.Build.0 = Release|Any CPU
		{D9CCA599-A266-423A-8D46-EBAAB7986921}.Debug|Any CPU.ActiveCfg = Debug|Any CPU
		{D9CCA599-A266-423A-8D46-EBAAB7986921}.Debug|Any CPU.Build.0 = Debug|Any CPU
		{D9CCA599-A266-423A-8D46-EBAAB7986921}.Release|Any CPU.ActiveCfg = Release|Any CPU
		{D9CCA599-A266-423A-8D46-EBAAB7986921}.Release|Any CPU.Build.0 = Release|Any CPU
	EndGlobalSection
	GlobalSection(SolutionProperties) = preSolution
		HideSolutionNode = FALSE
	EndGlobalSection
	GlobalSection(ExtensibilityGlobals) = postSolution
		SolutionGuid = {F423488B-59A2-4ABB-8333-7E5A94EE0359}
	EndGlobalSection
EndGlobal
